{
  "name": "OrignalMP",
  "lockfileVersion": 2,
  "requires": true,
  "packages": {
    "": {
      "dependencies": {
        "miniprogram-sm-crypto": "^0.3.8"
      }
    },
    "node_modules/jsbn": {
      "version": "1.1.0",
      "resolved": "https://registry.npmjs.org/jsbn/-/jsbn-1.1.0.tgz",
      "integrity": "sha512-4bYVV3aAMtDTTu4+xsDYa6sy9GyJ69/amsu9sYF2zqjiEoZA5xJi3BrfX3uY+/IekIu7MwdObdbDWpoZdBv3/A=="
    },
    "node_modules/miniprogram-sm-crypto": {
      "version": "0.3.8",
      "resolved": "https://registry.npmjs.org/miniprogram-sm-crypto/-/miniprogram-sm-crypto-0.3.8.tgz",
      "integrity": "sha512-f6VCtnibja0tbrEr3m1FN67NY9OifhXI07gwHqFKxUrjVuTPS/h0gDtKYnxRgyWLYRI9QAs0U11544mkBwX1jA==",
      "dependencies": {
        "jsbn": "^1.1.0"
      }
    }
  },
  "dependencies": {
    "jsbn": {
      "version": "1.1.0",
      "resolved": "https://registry.npmjs.org/jsbn/-/jsbn-1.1.0.tgz",
      "integrity": "sha512-4bYVV3aAMtDTTu4+xsDYa6sy9GyJ69/amsu9sYF2zqjiEoZA5xJi3BrfX3uY+/IekIu7MwdObdbDWpoZdBv3/A=="
    },
    "miniprogram-sm-crypto": {
      "version": "0.3.8",
      "resolved": "https://registry.npmjs.org/miniprogram-sm-crypto/-/miniprogram-sm-crypto-0.3.8.tgz",
      "integrity": "sha512-f6VCtnibja0tbrEr3m1FN67NY9OifhXI07gwHqFKxUrjVuTPS/h0gDtKYnxRgyWLYRI9QAs0U11544mkBwX1jA==",
      "requires": {
        "jsbn": "^1.1.0"
      }
    }
  }
}
